
Microsoft Visual Studio Solution File, Format Version 12.00
# Visual Studio Version 17
VisualStudioVersion = 17.3.32804.467
MinimumVisualStudioVersion = 10.0.40219.1
Project("{9A19103F-16F7-4668-BE54-9A1E7A4F7556}") = "YML2TMX", "YML2TMX\YML2TMX.csproj", "{AED4E75D-79E3-4086-9043-74B7585F9D44}"
EndProject
Project("{FAE04EC0-301F-11D3-BF4B-00C04F79EFBC}") = "YML2TMX.Tests", "YML2TMX.Tests\YML2TMX.Tests.csproj", "{D59E6841-C96F-4200-8085-1E79E05B4E02}"
EndProject
Global
	GlobalSection(SolutionConfigurationPlatforms) = preSolution
		Debug|Any CPU = Debug|Any CPU
		Release|Any CPU = Release|Any CPU
	EndGlobalSection
	GlobalSection(ProjectConfigurationPlatforms) = postSolution
		{AED4E75D-79E3-4086-9043-74B7585F9D44}.Debug|Any CPU.ActiveCfg = Debug|Any CPU
		{AED4E75D-79E3-4086-9043-74B7585F9D44}.Debug|Any CPU.Build.0 = Debug|Any CPU
		{AED4E75D-79E3-4086-9043-74B7585F9D44}.Release|Any CPU.ActiveCfg = Release|Any CPU
		{AED4E75D-79E3-4086-9043-74B7585F9D44}.Release|Any CPU.Build.0 = Release|Any CPU
		{D59E6841-C96F-4200-8085-1E79E05B4E02}.Debug|Any CPU.ActiveCfg = Debug|Any CPU
		{D59E6841-C96F-4200-8085-1E79E05B4E02}.Debug|Any CPU.Build.0 = Debug|Any CPU
		{D59E6841-C96F-4200-8085-1E79E05B4E02}.Release|Any CPU.ActiveCfg = Release|Any CPU
		{D59E6841-C96F-4200-8085-1E79E05B4E02}.Release|Any CPU.Build.0 = Release|Any CPU
	EndGlobalSection
	GlobalSection(SolutionProperties) = preSolution
		HideSolutionNode = FALSE
	EndGlobalSection
	GlobalSection(ExtensibilityGlobals) = postSolution
		SolutionGuid = {C656C400-598C-4013-B814-A69AA8E567D9}
	EndGlobalSection
EndGlobal
